
Microsoft Visual Studio Solution File, Format Version 12.00
# Visual Studio Version 17
VisualStudioVersion = 17.1.32319.34
MinimumVisualStudioVersion = 10.0.40219.1
Project("{FAE04EC0-301F-11D3-BF4B-00C04F79EFBC}") = "FolderSorting", "FolderSorting\FolderSorting.csproj", "{F96242C8-2F78-4799-A8E7-C2AA760C121C}"
EndProject
Global
	GlobalSection(SolutionConfigurationPlatforms) = preSolution
		Debug|Any CPU = Debug|Any CPU
		Release|Any CPU = Release|Any CPU
	EndGlobalSection
	GlobalSection(ProjectConfigurationPlatforms) = postSolution
		{F96242C8-2F78-4799-A8E7-C2AA760C121C}.Debug|Any CPU.ActiveCfg = Debug|Any CPU
		{F96242C8-2F78-4799-A8E7-C2AA760C121C}.Debug|Any CPU.Build.0 = Debug|Any CPU
		{F96242C8-2F78-4799-A8E7-C2AA760C121C}.Release|Any CPU.ActiveCfg = Release|Any CPU
		{F96242C8-2F78-4799-A8E7-C2AA760C121C}.Release|Any CPU.Build.0 = Release|Any CPU
	EndGlobalSection
	GlobalSection(SolutionProperties) = preSolution
		HideSolutionNode = FALSE
	EndGlobalSection
	GlobalSection(ExtensibilityGlobals) = postSolution
		SolutionGuid = {891F9903-E6FB-4517-A732-0991B629B3BA}
	EndGlobalSection
EndGlobal
